# This file is automatically @generated by Cargo.
# It is not intended for manual editing.
version = 3

[[package]]
name = "libc"
version = "0.2.147"
source = "registry+https://github.com/rust-lang/crates.io-index"
checksum = "b4668fb0ea861c1df094127ac5f1da3409a82116a4ba74fca2e58ef927159bb3"

[[package]]
name = "once_cell"
version = "1.18.0"
source = "registry+https://github.com/rust-lang/crates.io-index"
checksum = "dd8b5dd2ae5ed71462c540258bedcb51965123ad7e7ccf4b9a8cafaa4a63576d"

[[package]]
name = "pyo3-build-config"
version = "0.19.0"
source = "registry+https://github.com/rust-lang/crates.io-index"
checksum = "713eccf888fb05f1a96eb78c0dbc51907fee42b3377272dc902eb38985f418d5"
dependencies = [
 "once_cell",
 "target-lexicon",
]

[[package]]
name = "redb"
version = "1.0.3"
source = "registry+https://github.com/rust-lang/crates.io-index"
checksum = "f41f3c1c8851dafca590c6ccfaa254a694a8e002a754352e68fac81371988838"
dependencies = [
 "libc",
 "pyo3-build-config",
]

[[package]]
name = "redb-impl"
version = "0.1.0"
dependencies = [
 "redb",
]

[[package]]
name = "target-lexicon"
version = "0.12.8"
source = "registry+https://github.com/rust-lang/crates.io-index"
checksum = "1b1c7f239eb94671427157bd93b3694320f3668d4e1eff08c7285366fd777fac"
